
Microsoft Visual Studio Solution File, Format Version 12.00
# Visual Studio Version 17
VisualStudioVersion = 17.10.35013.160
MinimumVisualStudioVersion = 10.0.40219.1
Project("{FAE04EC0-301F-11D3-BF4B-00C04F79EFBC}") = "Calculator v1", "Calculator v1\Calculator v1.csproj", "{99EAAC7B-2E68-4B57-BA02-EF7B4BBAC5D5}"
EndProject
Global
	GlobalSection(SolutionConfigurationPlatforms) = preSolution
		Debug|Any CPU = Debug|Any CPU
		Release|Any CPU = Release|Any CPU
	EndGlobalSection
	GlobalSection(ProjectConfigurationPlatforms) = postSolution
		{99EAAC7B-2E68-4B57-BA02-EF7B4BBAC5D5}.Debug|Any CPU.ActiveCfg = Debug|Any CPU
		{99EAAC7B-2E68-4B57-BA02-EF7B4BBAC5D5}.Debug|Any CPU.Build.0 = Debug|Any CPU
		{99EAAC7B-2E68-4B57-BA02-EF7B4BBAC5D5}.Release|Any CPU.ActiveCfg = Release|Any CPU
		{99EAAC7B-2E68-4B57-BA02-EF7B4BBAC5D5}.Release|Any CPU.Build.0 = Release|Any CPU
	EndGlobalSection
	GlobalSection(SolutionProperties) = preSolution
		HideSolutionNode = FALSE
	EndGlobalSection
	GlobalSection(ExtensibilityGlobals) = postSolution
		SolutionGuid = {146654E4-BAF6-4CC6-81C4-53745AAD4BC0}
	EndGlobalSection
EndGlobal
